
Microsoft Visual Studio Solution File, Format Version 12.00
# Visual Studio Version 17
VisualStudioVersion = 17.14.36203.30 d17.14
MinimumVisualStudioVersion = 10.0.40219.1
Project("{54A90642-561A-4BB1-A94E-469ADEE60C69}") = "wl.client", "wl.client\wl.client.esproj", "{E45FBDA7-7E7A-BB0F-C253-1FA74EF13690}"
EndProject
Project("{FAE04EC0-301F-11D3-BF4B-00C04F79EFBC}") = "WL.Server", "WL.Server\WL.Server.csproj", "{04990087-B6CE-4153-AC40-8E40E9250113}"
EndProject
Global
	GlobalSection(SolutionConfigurationPlatforms) = preSolution
		Debug|Any CPU = Debug|Any CPU
		Release|Any CPU = Release|Any CPU
	EndGlobalSection
	GlobalSection(ProjectConfigurationPlatforms) = postSolution
		{E45FBDA7-7E7A-BB0F-C253-1FA74EF13690}.Debug|Any CPU.ActiveCfg = Debug|Any CPU
		{E45FBDA7-7E7A-BB0F-C253-1FA74EF13690}.Debug|Any CPU.Build.0 = Debug|Any CPU
		{E45FBDA7-7E7A-BB0F-C253-1FA74EF13690}.Debug|Any CPU.Deploy.0 = Debug|Any CPU
		{E45FBDA7-7E7A-BB0F-C253-1FA74EF13690}.Release|Any CPU.ActiveCfg = Release|Any CPU
		{E45FBDA7-7E7A-BB0F-C253-1FA74EF13690}.Release|Any CPU.Build.0 = Release|Any CPU
		{E45FBDA7-7E7A-BB0F-C253-1FA74EF13690}.Release|Any CPU.Deploy.0 = Release|Any CPU
		{04990087-B6CE-4153-AC40-8E40E9250113}.Debug|Any CPU.ActiveCfg = Debug|Any CPU
		{04990087-B6CE-4153-AC40-8E40E9250113}.Debug|Any CPU.Build.0 = Debug|Any CPU
		{04990087-B6CE-4153-AC40-8E40E9250113}.Release|Any CPU.ActiveCfg = Release|Any CPU
		{04990087-B6CE-4153-AC40-8E40E9250113}.Release|Any CPU.Build.0 = Release|Any CPU
	EndGlobalSection
	GlobalSection(SolutionProperties) = preSolution
		HideSolutionNode = FALSE
	EndGlobalSection
	GlobalSection(ExtensibilityGlobals) = postSolution
		SolutionGuid = {D75637A4-6EF2-4C98-9B9E-3B046B89F5A7}
	EndGlobalSection
EndGlobal
